
Microsoft Visual Studio Solution File, Format Version 12.00
# Visual Studio Version 17
VisualStudioVersion = 17.8.34322.80
MinimumVisualStudioVersion = 10.0.40219.1
Project("{FAE04EC0-301F-11D3-BF4B-00C04F79EFBC}") = "Homework_4_6", "Homework_4_6\Homework_4_6.csproj", "{48724450-5F60-4574-A2FB-A3501E110460}"
EndProject
Global
	GlobalSection(SolutionConfigurationPlatforms) = preSolution
		Debug|Any CPU = Debug|Any CPU
		Release|Any CPU = Release|Any CPU
	EndGlobalSection
	GlobalSection(ProjectConfigurationPlatforms) = postSolution
		{48724450-5F60-4574-A2FB-A3501E110460}.Debug|Any CPU.ActiveCfg = Debug|Any CPU
		{48724450-5F60-4574-A2FB-A3501E110460}.Debug|Any CPU.Build.0 = Debug|Any CPU
		{48724450-5F60-4574-A2FB-A3501E110460}.Release|Any CPU.ActiveCfg = Release|Any CPU
		{48724450-5F60-4574-A2FB-A3501E110460}.Release|Any CPU.Build.0 = Release|Any CPU
	EndGlobalSection
	GlobalSection(SolutionProperties) = preSolution
		HideSolutionNode = FALSE
	EndGlobalSection
	GlobalSection(ExtensibilityGlobals) = postSolution
		SolutionGuid = {C6C6AA75-EEA1-422F-8DF2-6FC267C432B7}
	EndGlobalSection
EndGlobal
